
Microsoft Visual Studio Solution File, Format Version 12.00
# Visual Studio 15
VisualStudioVersion = 15.0.27004.2005
MinimumVisualStudioVersion = 10.0.40219.1
Project("{FAE04EC0-301F-11D3-BF4B-00C04F79EFBC}") = "SavageTools", "SavageTools\SavageTools.csproj", "{888CB653-FDEE-4376-8743-CDE32701B5DE}"
EndProject
Project("{FAE04EC0-301F-11D3-BF4B-00C04F79EFBC}") = "SavageTools.Shared", "SavageTools.Shared\SavageTools.Shared.csproj", "{1F7BADC4-AA25-4350-9D66-54DD53803C5B}"
EndProject
Project("{FAE04EC0-301F-11D3-BF4B-00C04F79EFBC}") = "Tests", "Tests\Tests.csproj", "{32D5C26A-1FB5-415B-AE47-977D5869FF10}"
EndProject
Project("{FAE04EC0-301F-11D3-BF4B-00C04F79EFBC}") = "SavageToolsWeb", "SavageToolsWeb\SavageToolsWeb.csproj", "{EB30B5A4-A70F-4FE3-AF87-21A2951CDA80}"
EndProject
Global
	GlobalSection(SolutionConfigurationPlatforms) = preSolution
		Debug|Any CPU = Debug|Any CPU
		Release|Any CPU = Release|Any CPU
	EndGlobalSection
	GlobalSection(ProjectConfigurationPlatforms) = postSolution
		{888CB653-FDEE-4376-8743-CDE32701B5DE}.Debug|Any CPU.ActiveCfg = Debug|Any CPU
		{888CB653-FDEE-4376-8743-CDE32701B5DE}.Debug|Any CPU.Build.0 = Debug|Any CPU
		{888CB653-FDEE-4376-8743-CDE32701B5DE}.Release|Any CPU.ActiveCfg = Release|Any CPU
		{888CB653-FDEE-4376-8743-CDE32701B5DE}.Release|Any CPU.Build.0 = Release|Any CPU
		{1F7BADC4-AA25-4350-9D66-54DD53803C5B}.Debug|Any CPU.ActiveCfg = Debug|Any CPU
		{1F7BADC4-AA25-4350-9D66-54DD53803C5B}.Debug|Any CPU.Build.0 = Debug|Any CPU
		{1F7BADC4-AA25-4350-9D66-54DD53803C5B}.Release|Any CPU.ActiveCfg = Release|Any CPU
		{1F7BADC4-AA25-4350-9D66-54DD53803C5B}.Release|Any CPU.Build.0 = Release|Any CPU
		{32D5C26A-1FB5-415B-AE47-977D5869FF10}.Debug|Any CPU.ActiveCfg = Debug|Any CPU
		{32D5C26A-1FB5-415B-AE47-977D5869FF10}.Debug|Any CPU.Build.0 = Debug|Any CPU
		{32D5C26A-1FB5-415B-AE47-977D5869FF10}.Release|Any CPU.ActiveCfg = Release|Any CPU
		{32D5C26A-1FB5-415B-AE47-977D5869FF10}.Release|Any CPU.Build.0 = Release|Any CPU
		{EB30B5A4-A70F-4FE3-AF87-21A2951CDA80}.Debug|Any CPU.ActiveCfg = Debug|Any CPU
		{EB30B5A4-A70F-4FE3-AF87-21A2951CDA80}.Debug|Any CPU.Build.0 = Debug|Any CPU
		{EB30B5A4-A70F-4FE3-AF87-21A2951CDA80}.Release|Any CPU.ActiveCfg = Release|Any CPU
		{EB30B5A4-A70F-4FE3-AF87-21A2951CDA80}.Release|Any CPU.Build.0 = Release|Any CPU
	EndGlobalSection
	GlobalSection(SolutionProperties) = preSolution
		HideSolutionNode = FALSE
	EndGlobalSection
	GlobalSection(ExtensibilityGlobals) = postSolution
		SolutionGuid = {8BAEF4BC-3799-4F3F-8BBA-8FE1AA7182EC}
	EndGlobalSection
EndGlobal
