
Microsoft Visual Studio Solution File, Format Version 12.00
# Visual Studio Version 16
VisualStudioVersion = 16.0.30204.135
MinimumVisualStudioVersion = 10.0.40219.1
Project("{9A19103F-16F7-4668-BE54-9A1E7A4F7556}") = "SavageToolsWeb", "SavageToolsWeb\SavageToolsWeb.csproj", "{24179614-A8C0-4BB8-A4AA-5060A7A2749C}"
EndProject
Project("{9A19103F-16F7-4668-BE54-9A1E7A4F7556}") = "SavageTools.Shared", "SavageTools.Shared\SavageTools.Shared.csproj", "{98E9474D-FA85-4CB8-9EB5-B68BEB49911D}"
EndProject
Project("{9A19103F-16F7-4668-BE54-9A1E7A4F7556}") = "SavageTools.Test", "SavageTools.Test\SavageTools.Test.csproj", "{64558DA4-D57F-4378-8A9D-58955C139DD6}"
EndProject
Global
	GlobalSection(SolutionConfigurationPlatforms) = preSolution
		Debug|Any CPU = Debug|Any CPU
		Release|Any CPU = Release|Any CPU
	EndGlobalSection
	GlobalSection(ProjectConfigurationPlatforms) = postSolution
		{24179614-A8C0-4BB8-A4AA-5060A7A2749C}.Debug|Any CPU.ActiveCfg = Debug|Any CPU
		{24179614-A8C0-4BB8-A4AA-5060A7A2749C}.Debug|Any CPU.Build.0 = Debug|Any CPU
		{24179614-A8C0-4BB8-A4AA-5060A7A2749C}.Release|Any CPU.ActiveCfg = Release|Any CPU
		{24179614-A8C0-4BB8-A4AA-5060A7A2749C}.Release|Any CPU.Build.0 = Release|Any CPU
		{98E9474D-FA85-4CB8-9EB5-B68BEB49911D}.Debug|Any CPU.ActiveCfg = Debug|Any CPU
		{98E9474D-FA85-4CB8-9EB5-B68BEB49911D}.Debug|Any CPU.Build.0 = Debug|Any CPU
		{98E9474D-FA85-4CB8-9EB5-B68BEB49911D}.Release|Any CPU.ActiveCfg = Release|Any CPU
		{98E9474D-FA85-4CB8-9EB5-B68BEB49911D}.Release|Any CPU.Build.0 = Release|Any CPU
		{64558DA4-D57F-4378-8A9D-58955C139DD6}.Debug|Any CPU.ActiveCfg = Debug|Any CPU
		{64558DA4-D57F-4378-8A9D-58955C139DD6}.Debug|Any CPU.Build.0 = Debug|Any CPU
		{64558DA4-D57F-4378-8A9D-58955C139DD6}.Release|Any CPU.ActiveCfg = Release|Any CPU
		{64558DA4-D57F-4378-8A9D-58955C139DD6}.Release|Any CPU.Build.0 = Release|Any CPU
	EndGlobalSection
	GlobalSection(SolutionProperties) = preSolution
		HideSolutionNode = FALSE
	EndGlobalSection
	GlobalSection(ExtensibilityGlobals) = postSolution
		SolutionGuid = {61395C85-F3AF-49FD-91A0-D33E18C60930}
	EndGlobalSection
EndGlobal
